lockfileVersion: '6.0'

settings:
  autoInstallPeers: true
  excludeLinksFromLockfile: false

importers:

  .:
    dependencies:
      npm:
        specifier: ^10.0.0
        version: 10.0.0
      pnpm:
        specifier: ^8.7.1
        version: 8.7.1
      testing-pnpm:
        specifier: workspace:^
        version: link:src/packages/package-a

  src/packages/package-a: {}

packages:

  /npm@10.0.0:
    resolution: {integrity: sha512-15O/VIG6/zuZ8ui2YxHhcJcomoTKNqC8bC6hKlmazJooDbdWCoC5iZsNp9Jm8xqwVab60hiAkhDyAqh8W8yq/g==}
    engines: {node: ^18.17.0 || >=20.5.0}
    hasBin: true
    dev: false
    bundledDependencies:
      - '@isaacs/string-locale-compare'
      - '@npmcli/arborist'
      - '@npmcli/config'
      - '@npmcli/fs'
      - '@npmcli/map-workspaces'
      - '@npmcli/package-json'
      - '@npmcli/promise-spawn'
      - '@npmcli/run-script'
      - '@sigstore/tuf'
      - abbrev
      - archy
      - cacache
      - chalk
      - ci-info
      - cli-columns
      - cli-table3
      - columnify
      - fastest-levenshtein
      - fs-minipass
      - glob
      - graceful-fs
      - hosted-git-info
      - ini
      - init-package-json
      - is-cidr
      - json-parse-even-better-errors
      - libnpmaccess
      - libnpmdiff
      - libnpmexec
      - libnpmfund
      - libnpmhook
      - libnpmorg
      - libnpmpack
      - libnpmpublish
      - libnpmsearch
      - libnpmteam
      - libnpmversion
      - make-fetch-happen
      - minimatch
      - minipass
      - minipass-pipeline
      - ms
      - node-gyp
      - nopt
      - npm-audit-report
      - npm-install-checks
      - npm-package-arg
      - npm-pick-manifest
      - npm-profile
      - npm-registry-fetch
      - npm-user-validate
      - npmlog
      - p-map
      - pacote
      - parse-conflict-json
      - proc-log
      - qrcode-terminal
      - read
      - semver
      - ssri
      - supports-color
      - tar
      - text-table
      - tiny-relative-date
      - treeverse
      - validate-npm-package-name
      - which
      - write-file-atomic

  /pnpm@8.7.1:
    resolution: {integrity: sha512-Qbt3EhYUaXFS2k4FLQA7r2/eYz/JoDeG680/3UXG0Ga03LPuY4GgdvCLe+zO3M7ZnWG4VI4bAwk7QpJyfr5eqA==}
    engines: {node: '>=16.14'}
    hasBin: true
    dev: false
